
Microsoft Visual Studio Solution File, Format Version 12.00
# Visual Studio Version 17
VisualStudioVersion = 17.9.34728.123
MinimumVisualStudioVersion = 10.0.40219.1
Project("{FAE04EC0-301F-11D3-BF4B-00C04F79EFBC}") = "teleafya", "teleafya\teleafya.csproj", "{CD71C357-F9E6-4FBD-841D-F1B8CD4DE14A}"
EndProject
Global
	GlobalSection(SolutionConfigurationPlatforms) = preSolution
		Debug|Any CPU = Debug|Any CPU
		Release|Any CPU = Release|Any CPU
	EndGlobalSection
	GlobalSection(ProjectConfigurationPlatforms) = postSolution
		{CD71C357-F9E6-4FBD-841D-F1B8CD4DE14A}.Debug|Any CPU.ActiveCfg = Debug|Any CPU
		{CD71C357-F9E6-4FBD-841D-F1B8CD4DE14A}.Debug|Any CPU.Build.0 = Debug|Any CPU
		{CD71C357-F9E6-4FBD-841D-F1B8CD4DE14A}.Release|Any CPU.ActiveCfg = Release|Any CPU
		{CD71C357-F9E6-4FBD-841D-F1B8CD4DE14A}.Release|Any CPU.Build.0 = Release|Any CPU
	EndGlobalSection
	GlobalSection(SolutionProperties) = preSolution
		HideSolutionNode = FALSE
	EndGlobalSection
	GlobalSection(ExtensibilityGlobals) = postSolution
		SolutionGuid = {41A832A6-77F3-404B-8200-44A87AAE6C7B}
	EndGlobalSection
EndGlobal
